{
  "version": 4,
  "terraform_version": "0.12.24",
  "serial": 5,
  "lineage": "ae93c8b4-9da2-0506-4068-4bbd60cd189f",
  "outputs": {},
  "resources": [
    {
      "mode": "managed",
      "type": "google_cloud_run_service",
      "name": "default",
      "provider": "provider.google",
      "instances": [
        {
          "schema_version": 1,
          "attributes": {
            "autogenerate_revision_name": true,
            "id": "locations/us-central1/namespaces/tf-test0/services/cloudrun-srv-clever-mouse",
            "location": "us-central1",
            "metadata": [
              {
                "annotations": {
                  "run.googleapis.com/ingress": "all",
                  "run.googleapis.com/ingress-status": "all",
                  "run.googleapis.com/launch-stage": "BETA",
                  "serving.knative.dev/creator": "shu-ch@mbs.co.jp",
                  "serving.knative.dev/lastModifier": "shu-ch@mbs.co.jp"
                },
                "generation": 1,
                "labels": {
                  "cloud.googleapis.com/location": "us-central1"
                },
                "namespace": "tf-test0",
                "resource_version": "AAW8DyCPsyI",
                "self_link": "/apis/serving.knative.dev/v1/namespaces/661482167817/services/cloudrun-srv-clever-mouse",
                "uid": "7a8e04ab-06c7-44dd-96f5-64e7b7faf5f3"
              }
            ],
            "name": "cloudrun-srv-clever-mouse",
            "project": "tf-test0",
            "status": [
              {
                "conditions": [
                  {
                    "message": "",
                    "reason": "",
                    "status": "True",
                    "type": "Ready"
                  },
                  {
                    "message": "",
                    "reason": "",
                    "status": "True",
                    "type": "ConfigurationsReady"
                  },
                  {
                    "message": "",
                    "reason": "",
                    "status": "True",
                    "type": "RoutesReady"
                  }
                ],
                "latest_created_revision_name": "cloudrun-srv-clever-mouse-x6f8b",
                "latest_ready_revision_name": "cloudrun-srv-clever-mouse-x6f8b",
                "observed_generation": 1,
                "url": "https://cloudrun-srv-clever-mouse-wjgtzsjpkq-uc.a.run.app"
              }
            ],
            "template": [
              {
                "metadata": [
                  {
                    "annotations": {
                      "autoscaling.knative.dev/maxScale": "1000",
                      "run.googleapis.com/client-name": "terraform",
                      "run.googleapis.com/cloudsql-instances": "tf-test0:us-east1:cloudrun-sql-clever-mouse",
                      "run.googleapis.com/sandbox": "gvisor"
                    },
                    "generation": 0,
                    "labels": null,
                    "name": "",
                    "namespace": "",
                    "resource_version": "",
                    "self_link": "",
                    "uid": ""
                  }
                ],
                "spec": [
                  {
                    "container_concurrency": 80,
                    "containers": [
                      {
                        "args": null,
                        "command": null,
                        "env": [],
                        "env_from": [],
                        "image": "us-docker.pkg.dev/cloudrun/container/hello",
                        "ports": [
                          {
                            "container_port": 8080,
                            "name": "http1",
                            "protocol": ""
                          }
                        ],
                        "resources": [
                          {
                            "limits": {
                              "cpu": "1000m",
                              "memory": "256Mi"
                            },
                            "requests": {}
                          }
                        ],
                        "working_dir": ""
                      }
                    ],
                    "service_account_name": "",
                    "serving_state": "",
                    "timeout_seconds": 300
                  }
                ]
              }
            ],
            "timeouts": null,
            "traffic": [
              {
                "latest_revision": true,
                "percent": 100,
                "revision_name": ""
              }
            ]
          },
          "private": "eyJlMmJmYjczMC1lY2FhLTExZTYtOGY4OC0zNDM2M2JjN2M0YzAiOnsiY3JlYXRlIjozNjAwMDAwMDAwMDAsImRlbGV0ZSI6MjQwMDAwMDAwMDAwLCJ1cGRhdGUiOjkwMDAwMDAwMDAwMH0sInNjaGVtYV92ZXJzaW9uIjoiMSJ9",
          "dependencies": [
            "google_sql_database_instance.instance",
            "random_pet.suffix"
          ]
        }
      ]
    },
    {
      "mode": "managed",
      "type": "google_cloud_run_service_iam_member",
      "name": "member",
      "provider": "provider.google",
      "instances": [
        {
          "schema_version": 0,
          "attributes": {
            "condition": [],
            "etag": "BwW8DyD79Y0=",
            "id": "v1/projects/tf-test0/locations/us-central1/services/cloudrun-srv-clever-mouse/roles/run.invoker/allusers",
            "location": "us-central1",
            "member": "allUsers",
            "project": "tf-test0",
            "role": "roles/run.invoker",
            "service": "v1/projects/tf-test0/locations/us-central1/services/cloudrun-srv-clever-mouse"
          },
          "private": "bnVsbA==",
          "dependencies": [
            "google_cloud_run_service.default",
            "google_sql_database_instance.instance",
            "random_pet.suffix"
          ]
        }
      ]
    },
    {
      "mode": "managed",
      "type": "google_sql_database_instance",
      "name": "instance",
      "provider": "provider.google",
      "instances": [
        {
          "schema_version": 0,
          "attributes": {
            "clone": [],
            "connection_name": "tf-test0:us-east1:cloudrun-sql-clever-mouse",
            "database_version": "MYSQL_5_6",
            "deletion_protection": false,
            "first_ip_address": "35.237.65.149",
            "id": "cloudrun-sql-clever-mouse",
            "ip_address": [
              {
                "ip_address": "35.237.65.149",
                "time_to_retire": "",
                "type": "PRIMARY"
              }
            ],
            "master_instance_name": "",
            "name": "cloudrun-sql-clever-mouse",
            "private_ip_address": "",
            "project": "tf-test0",
            "public_ip_address": "35.237.65.149",
            "region": "us-east1",
            "replica_configuration": [],
            "restore_backup_context": [],
            "root_password": null,
            "self_link": "https://sqladmin.googleapis.com/sql/v1beta4/projects/tf-test0/instances/cloudrun-sql-clever-mouse",
            "server_ca_cert": [
              {
                "cert": "-----BEGIN CERTIFICATE-----\nMIIDfzCCAmegAwIBAgIBADANBgkqhkiG9w0BAQsFADB3MS0wKwYDVQQuEyQzNjEx\nN2ZlMi0xYWYwLTRjODYtYTA1ZS02M2I5ODE2MWE5ZWUxIzAhBgNVBAMTGkdvb2ds\nZSBDbG91ZCBTUUwgU2VydmVyIENBMRQwEgYDVQQKEwtHb29nbGUsIEluYzELMAkG\nA1UEBhMCVVMwHhcNMjEwMjI0MDYxOTEzWhcNMzEwMjIyMDYyMDEzWjB3MS0wKwYD\nVQQuEyQzNjExN2ZlMi0xYWYwLTRjODYtYTA1ZS02M2I5ODE2MWE5ZWUxIzAhBgNV\nBAMTGkdvb2dsZSBDbG91ZCBTUUwgU2VydmVyIENBMRQwEgYDVQQKEwtHb29nbGUs\nIEluYzELMAkGA1UEBhMCVVMwggEiMA0GCSqGSIb3DQEBAQUAA4IBDwAwggEKAoIB\nAQDN89O957BSig+G8KmUg0v7okAo38C4jFrnBuB2qBdvjeBY6N0FLWv3/LTir+gL\naksigxAAu+nBopaE38fLNleMMTJYSq889i3AaNNycvAXdFIBb7ref+SkubLLm/49\nrb5HyNNWg2MbB7u+xsEP5Nv+Q5dIJE7DquMSDj2wny1REJ4RpCvHhu14nW0G6Bax\n25KscvdsBgDIItyi5ygZeK7v6v1/lLsOoZymvOGtd09/4SasvZyaiE4bNEe4ooot\nFDkG2hZNCPaqSqWi/Ehoo2YeM72o8/NgVg6zRXefgQzitltN9qtPhCHcJys8+RL1\ne7SPKV9kumKfHEbmcNUJ5o5pAgMBAAGjFjAUMBIGA1UdEwEB/wQIMAYBAf8CAQAw\nDQYJKoZIhvcNAQELBQADggEBAHmuzQjwWd933CakcGm98JlZcfuJudx/BE+Xs3Jh\nf6d3SBTrK396GDJ6PI8l7TgmUodAT/v6hdZCISuD6bk30G38zLMZ/zHrcUvF7axu\ne7CNaJh7VcqncY2bUVXhJ0cLvGEPbjDSDr2G2CNrF5a9qIoZxu/MASt0yxKDhN+M\nXg5dNy6A+YyphFffB41aHChethxVGGTBpzpKPz1GpkzB4UdOhrlePKW2ohjOTNAl\n9QIXyWOVHilx63L6bMtC6quU1EMdw7/DgKzcRalAlPE0pG6WlGD16GepsIS1Y5lb\nZ5l1GwxrrGLxM/Vm+wVmgvc28tbIYzOMbPwvrKZ6cgCgSDc=\n-----END CERTIFICATE-----",
                "common_name": "C=US,O=Google\\, Inc,CN=Google Cloud SQL Server CA,dnQualifier=36117fe2-1af0-4c86-a05e-63b98161a9ee",
                "create_time": "2021-02-24T06:19:13.058Z",
                "expiration_time": "2031-02-22T06:20:13.058Z",
                "sha1_fingerprint": "c8b58a4bcb2dcc1d1e95956e057d765355a8bd5c"
              }
            ],
            "service_account_email_address": "p661482167817-mqjcyj@gcp-sa-cloud-sql.iam.gserviceaccount.com",
            "settings": [
              {
                "activation_policy": "ALWAYS",
                "authorized_gae_applications": [],
                "availability_type": "ZONAL",
                "backup_configuration": [
                  {
                    "binary_log_enabled": false,
                    "enabled": false,
                    "location": "",
                    "point_in_time_recovery_enabled": false,
                    "start_time": "13:00"
                  }
                ],
                "crash_safe_replication": false,
                "database_flags": [],
                "disk_autoresize": true,
                "disk_size": 10,
                "disk_type": "PD_SSD",
                "insights_config": [],
                "ip_configuration": [
                  {
                    "authorized_networks": [],
                    "ipv4_enabled": true,
                    "private_network": "",
                    "require_ssl": false
                  }
                ],
                "location_preference": [
                  {
                    "follow_gae_application": "",
                    "zone": "us-east1-b"
                  }
                ],
                "maintenance_window": [],
                "pricing_plan": "PER_USE",
                "replication_type": "SYNCHRONOUS",
                "tier": "db-f1-micro",
                "user_labels": {},
                "version": 1
              }
            ],
            "timeouts": null
          },
          "private": "eyJlMmJmYjczMC1lY2FhLTExZTYtOGY4OC0zNDM2M2JjN2M0YzAiOnsiY3JlYXRlIjoxMjAwMDAwMDAwMDAwLCJkZWxldGUiOjEyMDAwMDAwMDAwMDAsInVwZGF0ZSI6MTIwMDAwMDAwMDAwMH19",
          "dependencies": [
            "random_pet.suffix"
          ]
        }
      ]
    },
    {
      "mode": "managed",
      "type": "random_pet",
      "name": "suffix",
      "provider": "provider.random",
      "instances": [
        {
          "schema_version": 0,
          "attributes": {
            "id": "clever-mouse",
            "keepers": null,
            "length": 2,
            "prefix": null,
            "separator": "-"
          },
          "private": "bnVsbA=="
        }
      ]
    }
  ]
}
